
Microsoft Visual Studio Solution File, Format Version 12.00
# Visual Studio Version 17
VisualStudioVersion = 17.6.33829.357
MinimumVisualStudioVersion = 10.0.40219.1
Project("{FAE04EC0-301F-11D3-BF4B-00C04F79EFBC}") = "Creating Text File", "Creating Text File\Creating Text File.csproj", "{00195E84-F84F-420A-ABA3-2BA935028CBD}"
EndProject
Global
	GlobalSection(SolutionConfigurationPlatforms) = preSolution
		Debug|Any CPU = Debug|Any CPU
		Release|Any CPU = Release|Any CPU
	EndGlobalSection
	GlobalSection(ProjectConfigurationPlatforms) = postSolution
		{00195E84-F84F-420A-ABA3-2BA935028CBD}.Debug|Any CPU.ActiveCfg = Debug|Any CPU
		{00195E84-F84F-420A-ABA3-2BA935028CBD}.Debug|Any CPU.Build.0 = Debug|Any CPU
		{00195E84-F84F-420A-ABA3-2BA935028CBD}.Release|Any CPU.ActiveCfg = Release|Any CPU
		{00195E84-F84F-420A-ABA3-2BA935028CBD}.Release|Any CPU.Build.0 = Release|Any CPU
	EndGlobalSection
	GlobalSection(SolutionProperties) = preSolution
		HideSolutionNode = FALSE
	EndGlobalSection
	GlobalSection(ExtensibilityGlobals) = postSolution
		SolutionGuid = {0750EEA1-3AC8-4B06-B8C7-46E4020FDEB5}
	EndGlobalSection
EndGlobal
